
Microsoft Visual Studio Solution File, Format Version 12.00
# Visual Studio Version 17
VisualStudioVersion = 17.9.34622.214
MinimumVisualStudioVersion = 10.0.40219.1
Project("{9A19103F-16F7-4668-BE54-9A1E7A4F7556}") = "API_Example", "API_Example\API_Example.csproj", "{18F2206C-23DB-44EC-9B7C-457E840A734A}"
EndProject
Project("{E53339B2-1760-4266-BCC7-CA923CBCF16C}") = "docker-compose", "docker-compose.dcproj", "{73750DAC-FF16-42D6-BC23-9891BA9F646A}"
EndProject
Global
	GlobalSection(SolutionConfigurationPlatforms) = preSolution
		Debug|Any CPU = Debug|Any CPU
		Release|Any CPU = Release|Any CPU
	EndGlobalSection
	GlobalSection(ProjectConfigurationPlatforms) = postSolution
		{18F2206C-23DB-44EC-9B7C-457E840A734A}.Debug|Any CPU.ActiveCfg = Debug|Any CPU
		{18F2206C-23DB-44EC-9B7C-457E840A734A}.Debug|Any CPU.Build.0 = Debug|Any CPU
		{18F2206C-23DB-44EC-9B7C-457E840A734A}.Release|Any CPU.ActiveCfg = Release|Any CPU
		{18F2206C-23DB-44EC-9B7C-457E840A734A}.Release|Any CPU.Build.0 = Release|Any CPU
		{73750DAC-FF16-42D6-BC23-9891BA9F646A}.Debug|Any CPU.ActiveCfg = Debug|Any CPU
		{73750DAC-FF16-42D6-BC23-9891BA9F646A}.Debug|Any CPU.Build.0 = Debug|Any CPU
		{73750DAC-FF16-42D6-BC23-9891BA9F646A}.Release|Any CPU.ActiveCfg = Release|Any CPU
		{73750DAC-FF16-42D6-BC23-9891BA9F646A}.Release|Any CPU.Build.0 = Release|Any CPU
	EndGlobalSection
	GlobalSection(SolutionProperties) = preSolution
		HideSolutionNode = FALSE
	EndGlobalSection
	GlobalSection(ExtensibilityGlobals) = postSolution
		SolutionGuid = {6AF4FFE3-4D28-4C28-AB1B-A2DE60E86408}
	EndGlobalSection
EndGlobal
